
Microsoft Visual Studio Solution File, Format Version 12.00
# Visual Studio Express 2012 for Windows Desktop
Project("{FAE04EC0-301F-11D3-BF4B-00C04F79EFBC}") = "CompteBancaire", "CompteBancaire\CompteBancaire.csproj", "{AB1B7C88-3504-4918-AC42-19C7DDB04944}"
EndProject
Project("{FAE04EC0-301F-11D3-BF4B-00C04F79EFBC}") = "CompteLibrary", "CompteLibrary\CompteLibrary.csproj", "{A44E0A17-3297-4211-9AF8-205F19C39AEA}"
EndProject
Global
	GlobalSection(SolutionConfigurationPlatforms) = preSolution
		Debug|Any CPU = Debug|Any CPU
		Release|Any CPU = Release|Any CPU
	EndGlobalSection
	GlobalSection(ProjectConfigurationPlatforms) = postSolution
		{AB1B7C88-3504-4918-AC42-19C7DDB04944}.Debug|Any CPU.ActiveCfg = Debug|Any CPU
		{AB1B7C88-3504-4918-AC42-19C7DDB04944}.Debug|Any CPU.Build.0 = Debug|Any CPU
		{AB1B7C88-3504-4918-AC42-19C7DDB04944}.Release|Any CPU.ActiveCfg = Release|Any CPU
		{AB1B7C88-3504-4918-AC42-19C7DDB04944}.Release|Any CPU.Build.0 = Release|Any CPU
		{A44E0A17-3297-4211-9AF8-205F19C39AEA}.Debug|Any CPU.ActiveCfg = Debug|Any CPU
		{A44E0A17-3297-4211-9AF8-205F19C39AEA}.Debug|Any CPU.Build.0 = Debug|Any CPU
		{A44E0A17-3297-4211-9AF8-205F19C39AEA}.Release|Any CPU.ActiveCfg = Release|Any CPU
		{A44E0A17-3297-4211-9AF8-205F19C39AEA}.Release|Any CPU.Build.0 = Release|Any CPU
	EndGlobalSection
	GlobalSection(SolutionProperties) = preSolution
		HideSolutionNode = FALSE
	EndGlobalSection
EndGlobal
