
Microsoft Visual Studio Solution File, Format Version 12.00
# Visual Studio Express 2012 for Windows Desktop
Project("{FAE04EC0-301F-11D3-BF4B-00C04F79EFBC}") = "Calculatrice_Fabien", "Calculatrice_Fabien\Calculatrice_Fabien.csproj", "{EBCD2AC6-E8B5-41A7-8823-E561D15D2D27}"
EndProject
Global
	GlobalSection(SolutionConfigurationPlatforms) = preSolution
		Debug|Any CPU = Debug|Any CPU
		Release|Any CPU = Release|Any CPU
	EndGlobalSection
	GlobalSection(ProjectConfigurationPlatforms) = postSolution
		{EBCD2AC6-E8B5-41A7-8823-E561D15D2D27}.Debug|Any CPU.ActiveCfg = Debug|Any CPU
		{EBCD2AC6-E8B5-41A7-8823-E561D15D2D27}.Debug|Any CPU.Build.0 = Debug|Any CPU
		{EBCD2AC6-E8B5-41A7-8823-E561D15D2D27}.Release|Any CPU.ActiveCfg = Release|Any CPU
		{EBCD2AC6-E8B5-41A7-8823-E561D15D2D27}.Release|Any CPU.Build.0 = Release|Any CPU
	EndGlobalSection
	GlobalSection(SolutionProperties) = preSolution
		HideSolutionNode = FALSE
	EndGlobalSection
EndGlobal
